// !$*UTF8*$!
{
	archiveVersion = 1;
	classes = {
	};
	objectVersion = 50;
	objects = {

/* Begin PBXBuildFile section */
		0E194CDE24A3854E00E41644 /* ENTypingViewController.swift in Sources */ = {isa = PBXBuildFile; fileRef = 0E194CDB24A3854E00E41644 /* ENTypingViewController.swift */; };
		0E39696724A3693F007E1A2A /* 4052-smoothymon-typing.json in Resources */ = {isa = PBXBuildFile; fileRef = 0E39696624A3693E007E1A2A /* 4052-smoothymon-typing.json */; };
		0EC8B79E24A35DB700BBF344 /* LaunchViewController.swift in Sources */ = {isa = PBXBuildFile; fileRef = 0EC8B79D24A35DB700BBF344 /* LaunchViewController.swift */; };
		0ECDFD8724A0C16300A63399 /* CustomCell.swift in Sources */ = {isa = PBXBuildFile; fileRef = 0ECDFD8624A0C16300A63399 /* CustomCell.swift */; };
		7EF8D30E24A5856C0042BDE7 /* EMJTypingViewController.swift in Sources */ = {isa = PBXBuildFile; fileRef = 7EF8D30D24A5856C0042BDE7 /* EMJTypingViewController.swift */; };
		7EFC6B4C24A0989A0079F272 /* AppDelegate.swift in Sources */ = {isa = PBXBuildFile; fileRef = 7EFC6B4B24A0989A0079F272 /* AppDelegate.swift */; };
		7EFC6B5024A0989A0079F272 /* ViewController.swift in Sources */ = {isa = PBXBuildFile; fileRef = 7EFC6B4F24A0989A0079F272 /* ViewController.swift */; };
		7EFC6B5324A0989A0079F272 /* Main.storyboard in Resources */ = {isa = PBXBuildFile; fileRef = 7EFC6B5124A0989A0079F272 /* Main.storyboard */; };
		7EFC6B5524A0989B0079F272 /* Assets.xcassets in Resources */ = {isa = PBXBuildFile; fileRef = 7EFC6B5424A0989B0079F272 /* Assets.xcassets */; };
		7EFC6B5824A0989B0079F272 /* LaunchScreen.storyboard in Resources */ = {isa = PBXBuildFile; fileRef = 7EFC6B5624A0989B0079F272 /* LaunchScreen.storyboard */; };
		7EFC6B6024A09AC90079F272 /* Common.swift in Sources */ = {isa = PBXBuildFile; fileRef = 7EFC6B5F24A09AC90079F272 /* Common.swift */; };
		7EFC6B6224A0C0740079F272 /* KRTypingViewController.swift in Sources */ = {isa = PBXBuildFile; fileRef = 7EFC6B6124A0C0740079F272 /* KRTypingViewController.swift */; };
		7EFC6B6424A1B1D80079F272 /* Data.swift in Sources */ = {isa = PBXBuildFile; fileRef = 7EFC6B6324A1B1D80079F272 /* Data.swift */; };
		ACC5F32E3191191326931E32 /* libPods-IPhoneTypingPractice.a in Frameworks */ = {isa = PBXBuildFile; fileRef = C491761308DDADCD11731E5F /* libPods-IPhoneTypingPractice.a */; };
/* End PBXBuildFile section */

/* Begin PBXContainerItemProxy section */
		0E194CD224A36B1600E41644 /* PBXContainerItemProxy */ = {
			isa = PBXContainerItemProxy;
			containerPortal = 0E194CCD24A36B1600E41644 /* Pods.xcodeproj */;
			proxyType = 2;
			remoteGlobalIDString = 51BA97E8B5085EFFB47BC9C0B785CEA7;
			remoteInfo = "lottie-ios";
		};
		0E194CD424A36B1600E41644 /* PBXContainerItemProxy */ = {
			isa = PBXContainerItemProxy;
			containerPortal = 0E194CCD24A36B1600E41644 /* Pods.xcodeproj */;
			proxyType = 2;
			remoteGlobalIDString = 9902EBA26C37BCC271B2D0EFE4A459B1;
			remoteInfo = "Pods-IPhoneTypingPractice";
		};
/* End PBXContainerItemProxy section */

/* Begin PBXFileReference section */
		0E194CCD24A36B1600E41644 /* Pods.xcodeproj */ = {isa = PBXFileReference; lastKnownFileType = "wrapper.pb-project"; name = Pods.xcodeproj; path = Pods/Pods.xcodeproj; sourceTree = "<group>"; };
		0E194CDB24A3854E00E41644 /* ENTypingViewController.swift */ = {isa = PBXFileReference; fileEncoding = 4; lastKnownFileType = sourcecode.swift; path = ENTypingViewController.swift; sourceTree = "<group>"; };
		0E39696624A3693E007E1A2A /* 4052-smoothymon-typing.json */ = {isa = PBXFileReference; fileEncoding = 4; lastKnownFileType = text.json; path = "4052-smoothymon-typing.json"; sourceTree = "<group>"; };
		0EC8B79D24A35DB700BBF344 /* LaunchViewController.swift */ = {isa = PBXFileReference; lastKnownFileType = sourcecode.swift; path = LaunchViewController.swift; sourceTree = "<group>"; };
		0ECDFD8624A0C16300A63399 /* CustomCell.swift */ = {isa = PBXFileReference; lastKnownFileType = sourcecode.swift; path = CustomCell.swift; sourceTree = "<group>"; };
		635D3BABEDFA6756A8D668C7 /* Pods-IPhoneTypingPractice.release.xcconfig */ = {isa = PBXFileReference; includeInIndex = 1; lastKnownFileType = text.xcconfig; name = "Pods-IPhoneTypingPractice.release.xcconfig"; path = "Target Support Files/Pods-IPhoneTypingPractice/Pods-IPhoneTypingPractice.release.xcconfig"; sourceTree = "<group>"; };
		7EF8D30D24A5856C0042BDE7 /* EMJTypingViewController.swift */ = {isa = PBXFileReference; lastKnownFileType = sourcecode.swift; path = EMJTypingViewController.swift; sourceTree = "<group>"; };
		7EFC6B4824A0989A0079F272 /* IPhoneTypingPractice.app */ = {isa = PBXFileReference; explicitFileType = wrapper.application; includeInIndex = 0; path = IPhoneTypingPractice.app; sourceTree = BUILT_PRODUCTS_DIR; };
		7EFC6B4B24A0989A0079F272 /* AppDelegate.swift */ = {isa = PBXFileReference; lastKnownFileType = sourcecode.swift; path = AppDelegate.swift; sourceTree = "<group>"; };
		7EFC6B4F24A0989A0079F272 /* ViewController.swift */ = {isa = PBXFileReference; lastKnownFileType = sourcecode.swift; path = ViewController.swift; sourceTree = "<group>"; };
		7EFC6B5224A0989A0079F272 /* Base */ = {isa = PBXFileReference; lastKnownFileType = file.storyboard; name = Base; path = Base.lproj/Main.storyboard; sourceTree = "<group>"; };
		7EFC6B5424A0989B0079F272 /* Assets.xcassets */ = {isa = PBXFileReference; lastKnownFileType = folder.assetcatalog; path = Assets.xcassets; sourceTree = "<group>"; };
		7EFC6B5724A0989B0079F272 /* Base */ = {isa = PBXFileReference; lastKnownFileType = file.storyboard; name = Base; path = Base.lproj/LaunchScreen.storyboard; sourceTree = "<group>"; };
		7EFC6B5924A0989B0079F272 /* Info.plist */ = {isa = PBXFileReference; lastKnownFileType = text.plist.xml; path = Info.plist; sourceTree = "<group>"; };
		7EFC6B5F24A09AC90079F272 /* Common.swift */ = {isa = PBXFileReference; lastKnownFileType = sourcecode.swift; path = Common.swift; sourceTree = "<group>"; };
		7EFC6B6124A0C0740079F272 /* KRTypingViewController.swift */ = {isa = PBXFileReference; lastKnownFileType = sourcecode.swift; path = KRTypingViewController.swift; sourceTree = "<group>"; };
		7EFC6B6324A1B1D80079F272 /* Data.swift */ = {isa = PBXFileReference; lastKnownFileType = sourcecode.swift; path = Data.swift; sourceTree = "<group>"; };
		C491761308DDADCD11731E5F /* libPods-IPhoneTypingPractice.a */ = {isa = PBXFileReference; explicitFileType = archive.ar; includeInIndex = 0; path = "libPods-IPhoneTypingPractice.a"; sourceTree = BUILT_PRODUCTS_DIR; };
		C5B6881FAC488E9C4CCB1E6D /* Pods-IPhoneTypingPractice.debug.xcconfig */ = {isa = PBXFileReference; includeInIndex = 1; lastKnownFileType = text.xcconfig; name = "Pods-IPhoneTypingPractice.debug.xcconfig"; path = "Target Support Files/Pods-IPhoneTypingPractice/Pods-IPhoneTypingPractice.debug.xcconfig"; sourceTree = "<group>"; };
/* End PBXFileReference section */

/* Begin PBXFrameworksBuildPhase section */
		7EFC6B4524A0989A0079F272 /* Frameworks */ = {
			isa = PBXFrameworksBuildPhase;
			buildActionMask = 2147483647;
			files = (
				ACC5F32E3191191326931E32 /* libPods-IPhoneTypingPractice.a in Frameworks */,
			);
			runOnlyForDeploymentPostprocessing = 0;
		};
/* End PBXFrameworksBuildPhase section */

/* Begin PBXGroup section */
		0E194CCE24A36B1600E41644 /* Products */ = {
			isa = PBXGroup;
			children = (
				0E194CD324A36B1600E41644 /* liblottie-ios.a */,
				0E194CD524A36B1600E41644 /* libPods-IPhoneTypingPractice.a */,
			);
			name = Products;
			sourceTree = "<group>";
		};
		542676176AFC3BA132B61820 /* Pods */ = {
			isa = PBXGroup;
			children = (
				C5B6881FAC488E9C4CCB1E6D /* Pods-IPhoneTypingPractice.debug.xcconfig */,
				635D3BABEDFA6756A8D668C7 /* Pods-IPhoneTypingPractice.release.xcconfig */,
			);
			path = Pods;
			sourceTree = "<group>";
		};
		7EFC6B3F24A098990079F272 = {
			isa = PBXGroup;
			children = (
				7EFC6B4A24A0989A0079F272 /* IPhoneTypingPractice */,
				7EFC6B4924A0989A0079F272 /* Products */,
				542676176AFC3BA132B61820 /* Pods */,
				E73A9B3FBE967B9B65F1DB3C /* Frameworks */,
			);
			sourceTree = "<group>";
		};
		7EFC6B4924A0989A0079F272 /* Products */ = {
			isa = PBXGroup;
			children = (
				7EFC6B4824A0989A0079F272 /* IPhoneTypingPractice.app */,
			);
			name = Products;
			sourceTree = "<group>";
		};
		7EFC6B4A24A0989A0079F272 /* IPhoneTypingPractice */ = {
			isa = PBXGroup;
			children = (
				0E39696624A3693E007E1A2A /* 4052-smoothymon-typing.json */,
				7EFC6B6324A1B1D80079F272 /* Data.swift */,
				0EC8B79D24A35DB700BBF344 /* LaunchViewController.swift */,
				7EFC6B4B24A0989A0079F272 /* AppDelegate.swift */,
				7EFC6B5F24A09AC90079F272 /* Common.swift */,
				7EFC6B4F24A0989A0079F272 /* ViewController.swift */,
				7EFC6B6124A0C0740079F272 /* KRTypingViewController.swift */,
				0E194CDB24A3854E00E41644 /* ENTypingViewController.swift */,
				7EF8D30D24A5856C0042BDE7 /* EMJTypingViewController.swift */,
				0ECDFD8624A0C16300A63399 /* CustomCell.swift */,
				7EFC6B5124A0989A0079F272 /* Main.storyboard */,
				7EFC6B5424A0989B0079F272 /* Assets.xcassets */,
				7EFC6B5624A0989B0079F272 /* LaunchScreen.storyboard */,
				7EFC6B5924A0989B0079F272 /* Info.plist */,
			);
			path = IPhoneTypingPractice;
			sourceTree = "<group>";
		};
		E73A9B3FBE967B9B65F1DB3C /* Frameworks */ = {
			isa = PBXGroup;
			children = (
				0E194CCD24A36B1600E41644 /* Pods.xcodeproj */,
				C491761308DDADCD11731E5F /* libPods-IPhoneTypingPractice.a */,
			);
			name = Frameworks;
			sourceTree = "<group>";
		};
/* End PBXGroup section */

/* Begin PBXNativeTarget section */
		7EFC6B4724A0989A0079F272 /* IPhoneTypingPractice */ = {
			isa = PBXNativeTarget;
			buildConfigurationList = 7EFC6B5C24A0989B0079F272 /* Build configuration list for PBXNativeTarget "IPhoneTypingPractice" */;
			buildPhases = (
				A2241B0AB4E10EF5104B87BF /* [CP] Check Pods Manifest.lock */,
				7EFC6B4424A0989A0079F272 /* Sources */,
				7EFC6B4524A0989A0079F272 /* Frameworks */,
				7EFC6B4624A0989A0079F272 /* Resources */,
			);
			buildRules = (
			);
			dependencies = (
			);
			name = IPhoneTypingPractice;
			productName = IPhoneTypingPractice;
			productReference = 7EFC6B4824A0989A0079F272 /* IPhoneTypingPractice.app */;
			productType = "com.apple.product-type.application";
		};
/* End PBXNativeTarget section */

/* Begin PBXProject section */
		7EFC6B4024A098990079F272 /* Project object */ = {
			isa = PBXProject;
			attributes = {
				LastSwiftUpdateCheck = 1150;
				LastUpgradeCheck = 1150;
				ORGANIZATIONNAME = "요한";
				TargetAttributes = {
					7EFC6B4724A0989A0079F272 = {
						CreatedOnToolsVersion = 11.5;
					};
				};
			};
			buildConfigurationList = 7EFC6B4324A098990079F272 /* Build configuration list for PBXProject "IPhoneTypingPractice" */;
			compatibilityVersion = "Xcode 9.3";
			developmentRegion = en;
			hasScannedForEncodings = 0;
			knownRegions = (
				en,
				Base,
			);
			mainGroup = 7EFC6B3F24A098990079F272;
			productRefGroup = 7EFC6B4924A0989A0079F272 /* Products */;
			projectDirPath = "";
			projectReferences = (
				{
					ProductGroup = 0E194CCE24A36B1600E41644 /* Products */;
					ProjectRef = 0E194CCD24A36B1600E41644 /* Pods.xcodeproj */;
				},
			);
			projectRoot = "";
			targets = (
				7EFC6B4724A0989A0079F272 /* IPhoneTypingPractice */,
			);
		};
/* End PBXProject section */

/* Begin PBXReferenceProxy section */
		0E194CD324A36B1600E41644 /* liblottie-ios.a */ = {
			isa = PBXReferenceProxy;
			fileType = archive.ar;
			path = "liblottie-ios.a";
			remoteRef = 0E194CD224A36B1600E41644 /* PBXContainerItemProxy */;
			sourceTree = BUILT_PRODUCTS_DIR;
		};
		0E194CD524A36B1600E41644 /* libPods-IPhoneTypingPractice.a */ = {
			isa = PBXReferenceProxy;
			fileType = archive.ar;
			path = "libPods-IPhoneTypingPractice.a";
			remoteRef = 0E194CD424A36B1600E41644 /* PBXContainerItemProxy */;
			sourceTree = BUILT_PRODUCTS_DIR;
		};
/* End PBXReferenceProxy section */

/* Begin PBXResourcesBuildPhase section */
		7EFC6B4624A0989A0079F272 /* Resources */ = {
			isa = PBXResourcesBuildPhase;
			buildActionMask = 2147483647;
			files = (
				0E39696724A3693F007E1A2A /* 4052-smoothymon-typing.json in Resources */,
				7EFC6B5824A0989B0079F272 /* LaunchScreen.storyboard in Resources */,
				7EFC6B5524A0989B0079F272 /* Assets.xcassets in Resources */,
				7EFC6B5324A0989A0079F272 /* Main.storyboard in Resources */,
			);
			runOnlyForDeploymentPostprocessing = 0;
		};
/* End PBXResourcesBuildPhase section */

/* Begin PBXShellScriptBuildPhase section */
		A2241B0AB4E10EF5104B87BF /* [CP] Check Pods Manifest.lock */ = {
			isa = PBXShellScriptBuildPhase;
			buildActionMask = 2147483647;
			files = (
			);
			inputFileListPaths = (
			);
			inputPaths = (
				"${PODS_PODFILE_DIR_PATH}/Podfile.lock",
				"${PODS_ROOT}/Manifest.lock",
			);
			name = "[CP] Check Pods Manifest.lock";
			outputFileListPaths = (
			);
			outputPaths = (
				"$(DERIVED_FILE_DIR)/Pods-IPhoneTypingPractice-checkManifestLockResult.txt",
			);
			runOnlyForDeploymentPostprocessing = 0;
			shellPath = /bin/sh;
			shellScript = "diff \"${PODS_PODFILE_DIR_PATH}/Podfile.lock\" \"${PODS_ROOT}/Manifest.lock\" > /dev/null\nif [ $? != 0 ] ; then\n    # print error to STDERR\n    echo \"error: The sandbox is not in sync with the Podfile.lock. Run 'pod install' or update your CocoaPods installation.\" >&2\n    exit 1\nfi\n# This output is used by Xcode 'outputs' to avoid re-running this script phase.\necho \"SUCCESS\" > \"${SCRIPT_OUTPUT_FILE_0}\"\n";
			showEnvVarsInLog = 0;
		};
/* End PBXShellScriptBuildPhase section */

/* Begin PBXSourcesBuildPhase section */
		7EFC6B4424A0989A0079F272 /* Sources */ = {
			isa = PBXSourcesBuildPhase;
			buildActionMask = 2147483647;
			files = (
				7EFC6B6024A09AC90079F272 /* Common.swift in Sources */,
				7EFC6B6424A1B1D80079F272 /* Data.swift in Sources */,
				7EFC6B5024A0989A0079F272 /* ViewController.swift in Sources */,
				0E194CDE24A3854E00E41644 /* ENTypingViewController.swift in Sources */,
				7EF8D30E24A5856C0042BDE7 /* EMJTypingViewController.swift in Sources */,
				7EFC6B6224A0C0740079F272 /* KRTypingViewController.swift in Sources */,
				7EFC6B4C24A0989A0079F272 /* AppDelegate.swift in Sources */,
				0ECDFD8724A0C16300A63399 /* CustomCell.swift in Sources */,
				0EC8B79E24A35DB700BBF344 /* LaunchViewController.swift in Sources */,
			);
			runOnlyForDeploymentPostprocessing = 0;
		};
/* End PBXSourcesBuildPhase section */

/* Begin PBXVariantGroup section */
		7EFC6B5124A0989A0079F272 /* Main.storyboard */ = {
			isa = PBXVariantGroup;
			children = (
				7EFC6B5224A0989A0079F272 /* Base */,
			);
			name = Main.storyboard;
			sourceTree = "<group>";
		};
		7EFC6B5624A0989B0079F272 /* LaunchScreen.storyboard */ = {
			isa = PBXVariantGroup;
			children = (
				7EFC6B5724A0989B0079F272 /* Base */,
			);
			name = LaunchScreen.storyboard;
			sourceTree = "<group>";
		};
/* End PBXVariantGroup section */

/* Begin XCBuildConfiguration section */
		7EFC6B5A24A0989B0079F272 /* Debug */ = {
			isa = XCBuildConfiguration;
			buildSettings = {
				ALWAYS_SEARCH_USER_PATHS = NO;
				CLANG_ANALYZER_NONNULL = YES;
				CLANG_ANALYZER_NUMBER_OBJECT_CONVERSION = YES_AGGRESSIVE;
				CLANG_CXX_LANGUAGE_STANDARD = "gnu++14";
				CLANG_CXX_LIBRARY = "libc++";
				CLANG_ENABLE_MODULES = YES;
				CLANG_ENABLE_OBJC_ARC = YES;
				CLANG_ENABLE_OBJC_WEAK = YES;
				CLANG_WARN_BLOCK_CAPTURE_AUTORELEASING = YES;
				CLANG_WARN_BOOL_CONVERSION = YES;
				CLANG_WARN_COMMA = YES;
				CLANG_WARN_CONSTANT_CONVERSION = YES;
				CLANG_WARN_DEPRECATED_OBJC_IMPLEMENTATIONS = YES;
				CLANG_WARN_DIRECT_OBJC_ISA_USAGE = YES_ERROR;
				CLANG_WARN_DOCUMENTATION_COMMENTS = YES;
				CLANG_WARN_EMPTY_BODY = YES;
				CLANG_WARN_ENUM_CONVERSION = YES;
				CLANG_WARN_INFINITE_RECURSION = YES;
				CLANG_WARN_INT_CONVERSION = YES;
				CLANG_WARN_NON_LITERAL_NULL_CONVERSION = YES;
				CLANG_WARN_OBJC_IMPLICIT_RETAIN_SELF = YES;
				CLANG_WARN_OBJC_LITERAL_CONVERSION = YES;
				CLANG_WARN_OBJC_ROOT_CLASS = YES_ERROR;
				CLANG_WARN_RANGE_LOOP_ANALYSIS = YES;
				CLANG_WARN_STRICT_PROTOTYPES = YES;
				CLANG_WARN_SUSPICIOUS_MOVE = YES;
				CLANG_WARN_UNGUARDED_AVAILABILITY = YES_AGGRESSIVE;
				CLANG_WARN_UNREACHABLE_CODE = YES;
				CLANG_WARN__DUPLICATE_METHOD_MATCH = YES;
				COPY_PHASE_STRIP = NO;
				DEBUG_INFORMATION_FORMAT = dwarf;
				ENABLE_STRICT_OBJC_MSGSEND = YES;
				ENABLE_TESTABILITY = YES;
				GCC_C_LANGUAGE_STANDARD = gnu11;
				GCC_DYNAMIC_NO_PIC = NO;
				GCC_NO_COMMON_BLOCKS = YES;
				GCC_OPTIMIZATION_LEVEL = 0;
				GCC_PREPROCESSOR_DEFINITIONS = (
					"DEBUG=1",
					"$(inherited)",
				);
				GCC_WARN_64_TO_32_BIT_CONVERSION = YES;
				GCC_WARN_ABOUT_RETURN_TYPE = YES_ERROR;
				GCC_WARN_UNDECLARED_SELECTOR = YES;
				GCC_WARN_UNINITIALIZED_AUTOS = YES_AGGRESSIVE;
				GCC_WARN_UNUSED_FUNCTION = YES;
				GCC_WARN_UNUSED_VARIABLE = YES;
				IPHONEOS_DEPLOYMENT_TARGET = 13.5;
				MTL_ENABLE_DEBUG_INFO = INCLUDE_SOURCE;
				MTL_FAST_MATH = YES;
				ONLY_ACTIVE_ARCH = YES;
				SDKROOT = iphoneos;
				SWIFT_ACTIVE_COMPILATION_CONDITIONS = DEBUG;
				SWIFT_OPTIMIZATION_LEVEL = "-Onone";
			};
			name = Debug;
		};
		7EFC6B5B24A0989B0079F272 /* Release */ = {
			isa = XCBuildConfiguration;
			buildSettings = {
				ALWAYS_SEARCH_USER_PATHS = NO;
				CLANG_ANALYZER_NONNULL = YES;
				CLANG_ANALYZER_NUMBER_OBJECT_CONVERSION = YES_AGGRESSIVE;
				CLANG_CXX_LANGUAGE_STANDARD = "gnu++14";
				CLANG_CXX_LIBRARY = "libc++";
				CLANG_ENABLE_MODULES = YES;
				CLANG_ENABLE_OBJC_ARC = YES;
				CLANG_ENABLE_OBJC_WEAK = YES;
				CLANG_WARN_BLOCK_CAPTURE_AUTORELEASING = YES;
				CLANG_WARN_BOOL_CONVERSION = YES;
				CLANG_WARN_COMMA = YES;
				CLANG_WARN_CONSTANT_CONVERSION = YES;
				CLANG_WARN_DEPRECATED_OBJC_IMPLEMENTATIONS = YES;
				CLANG_WARN_DIRECT_OBJC_ISA_USAGE = YES_ERROR;
				CLANG_WARN_DOCUMENTATION_COMMENTS = YES;
				CLANG_WARN_EMPTY_BODY = YES;
				CLANG_WARN_ENUM_CONVERSION = YES;
				CLANG_WARN_INFINITE_RECURSION = YES;
				CLANG_WARN_INT_CONVERSION = YES;
				CLANG_WARN_NON_LITERAL_NULL_CONVERSION = YES;
				CLANG_WARN_OBJC_IMPLICIT_RETAIN_SELF = YES;
				CLANG_WARN_OBJC_LITERAL_CONVERSION = YES;
				CLANG_WARN_OBJC_ROOT_CLASS = YES_ERROR;
				CLANG_WARN_RANGE_LOOP_ANALYSIS = YES;
				CLANG_WARN_STRICT_PROTOTYPES = YES;
				CLANG_WARN_SUSPICIOUS_MOVE = YES;
				CLANG_WARN_UNGUARDED_AVAILABILITY = YES_AGGRESSIVE;
				CLANG_WARN_UNREACHABLE_CODE = YES;
				CLANG_WARN__DUPLICATE_METHOD_MATCH = YES;
				COPY_PHASE_STRIP = NO;
				DEBUG_INFORMATION_FORMAT = "dwarf-with-dsym";
				ENABLE_NS_ASSERTIONS = NO;
				ENABLE_STRICT_OBJC_MSGSEND = YES;
				GCC_C_LANGUAGE_STANDARD = gnu11;
				GCC_NO_COMMON_BLOCKS = YES;
				GCC_WARN_64_TO_32_BIT_CONVERSION = YES;
				GCC_WARN_ABOUT_RETURN_TYPE = YES_ERROR;
				GCC_WARN_UNDECLARED_SELECTOR = YES;
				GCC_WARN_UNINITIALIZED_AUTOS = YES_AGGRESSIVE;
				GCC_WARN_UNUSED_FUNCTION = YES;
				GCC_WARN_UNUSED_VARIABLE = YES;
				IPHONEOS_DEPLOYMENT_TARGET = 13.5;
				MTL_ENABLE_DEBUG_INFO = NO;
				MTL_FAST_MATH = YES;
				SDKROOT = iphoneos;
				SWIFT_COMPILATION_MODE = wholemodule;
				SWIFT_OPTIMIZATION_LEVEL = "-O";
				VALIDATE_PRODUCT = YES;
			};
			name = Release;
		};
		7EFC6B5D24A0989B0079F272 /* Debug */ = {
			isa = XCBuildConfiguration;
			baseConfigurationReference = C5B6881FAC488E9C4CCB1E6D /* Pods-IPhoneTypingPractice.debug.xcconfig */;
			buildSettings = {
				ASSETCATALOG_COMPILER_APPICON_NAME = AppIcon;
				CODE_SIGN_STYLE = Automatic;
				DEVELOPMENT_TEAM = X6LA4P7TFP;
				INFOPLIST_FILE = IPhoneTypingPractice/Info.plist;
				IPHONEOS_DEPLOYMENT_TARGET = 13.5;
				LD_RUNPATH_SEARCH_PATHS = (
					"$(inherited)",
					"@executable_path/Frameworks",
				);
				PRODUCT_BUNDLE_IDENTIFIER = com.devyhan93;
				PRODUCT_NAME = "$(TARGET_NAME)";
				SWIFT_VERSION = 5.0;
				TARGETED_DEVICE_FAMILY = 1;
			};
			name = Debug;
		};
		7EFC6B5E24A0989B0079F272 /* Release */ = {
			isa = XCBuildConfiguration;
			baseConfigurationReference = 635D3BABEDFA6756A8D668C7 /* Pods-IPhoneTypingPractice.release.xcconfig */;
			buildSettings = {
				ASSETCATALOG_COMPILER_APPICON_NAME = AppIcon;
				CODE_SIGN_STYLE = Automatic;
				DEVELOPMENT_TEAM = X6LA4P7TFP;
				INFOPLIST_FILE = IPhoneTypingPractice/Info.plist;
				IPHONEOS_DEPLOYMENT_TARGET = 13.5;
				LD_RUNPATH_SEARCH_PATHS = (
					"$(inherited)",
					"@executable_path/Frameworks",
				);
				PRODUCT_BUNDLE_IDENTIFIER = com.devyhan93;
				PRODUCT_NAME = "$(TARGET_NAME)";
				SWIFT_VERSION = 5.0;
				TARGETED_DEVICE_FAMILY = 1;
			};
			name = Release;
		};
/* End XCBuildConfiguration section */

/* Begin XCConfigurationList section */
		7EFC6B4324A098990079F272 /* Build configuration list for PBXProject "IPhoneTypingPractice" */ = {
			isa = XCConfigurationList;
			buildConfigurations = (
				7EFC6B5A24A0989B0079F272 /* Debug */,
				7EFC6B5B24A0989B0079F272 /* Release */,
			);
			defaultConfigurationIsVisible = 0;
			defaultConfigurationName = Release;
		};
		7EFC6B5C24A0989B0079F272 /* Build configuration list for PBXNativeTarget "IPhoneTypingPractice" */ = {
			isa = XCConfigurationList;
			buildConfigurations = (
				7EFC6B5D24A0989B0079F272 /* Debug */,
				7EFC6B5E24A0989B0079F272 /* Release */,
			);
			defaultConfigurationIsVisible = 0;
			defaultConfigurationName = Release;
		};
/* End XCConfigurationList section */
	};
	rootObject = 7EFC6B4024A098990079F272 /* Project object */;
}
